
Microsoft Visual Studio Solution File, Format Version 12.00
# Visual Studio 15
VisualStudioVersion = 15.0.27703.2000
MinimumVisualStudioVersion = 10.0.40219.1
Project("{FAE04EC0-301F-11D3-BF4B-00C04F79EFBC}") = "Peter2", "Peter2\Peter2.csproj", "{B76C9ABD-00EB-4643-9DB3-C55713D3E0F2}"
EndProject
Project("{FAE04EC0-301F-11D3-BF4B-00C04F79EFBC}") = "DataVendor", "DataVendor\DataVendor.csproj", "{FF842B25-8D52-40A3-B277-EEE05B830F68}"
EndProject
Project("{9A19103F-16F7-4668-BE54-9A1E7A4F7556}") = "StockDataModels", "StockDataModels\StockDataModels.csproj", "{9E437DE6-59AF-4E57-92E0-2F1B11496792}"
EndProject
Project("{9A19103F-16F7-4668-BE54-9A1E7A4F7556}") = "Screener", "Screener\Screener.csproj", "{887A3527-45DE-4718-B924-FBB9CCA83E2F}"
EndProject
Global
	GlobalSection(SolutionConfigurationPlatforms) = preSolution
		Debug|Any CPU = Debug|Any CPU
		Release|Any CPU = Release|Any CPU
	EndGlobalSection
	GlobalSection(ProjectConfigurationPlatforms) = postSolution
		{B76C9ABD-00EB-4643-9DB3-C55713D3E0F2}.Debug|Any CPU.ActiveCfg = Debug|Any CPU
		{B76C9ABD-00EB-4643-9DB3-C55713D3E0F2}.Debug|Any CPU.Build.0 = Debug|Any CPU
		{B76C9ABD-00EB-4643-9DB3-C55713D3E0F2}.Release|Any CPU.ActiveCfg = Release|Any CPU
		{B76C9ABD-00EB-4643-9DB3-C55713D3E0F2}.Release|Any CPU.Build.0 = Release|Any CPU
		{FF842B25-8D52-40A3-B277-EEE05B830F68}.Debug|Any CPU.ActiveCfg = Debug|Any CPU
		{FF842B25-8D52-40A3-B277-EEE05B830F68}.Debug|Any CPU.Build.0 = Debug|Any CPU
		{FF842B25-8D52-40A3-B277-EEE05B830F68}.Release|Any CPU.ActiveCfg = Release|Any CPU
		{FF842B25-8D52-40A3-B277-EEE05B830F68}.Release|Any CPU.Build.0 = Release|Any CPU
		{9E437DE6-59AF-4E57-92E0-2F1B11496792}.Debug|Any CPU.ActiveCfg = Debug|Any CPU
		{9E437DE6-59AF-4E57-92E0-2F1B11496792}.Debug|Any CPU.Build.0 = Debug|Any CPU
		{9E437DE6-59AF-4E57-92E0-2F1B11496792}.Release|Any CPU.ActiveCfg = Release|Any CPU
		{9E437DE6-59AF-4E57-92E0-2F1B11496792}.Release|Any CPU.Build.0 = Release|Any CPU
		{887A3527-45DE-4718-B924-FBB9CCA83E2F}.Debug|Any CPU.ActiveCfg = Debug|Any CPU
		{887A3527-45DE-4718-B924-FBB9CCA83E2F}.Debug|Any CPU.Build.0 = Debug|Any CPU
		{887A3527-45DE-4718-B924-FBB9CCA83E2F}.Release|Any CPU.ActiveCfg = Release|Any CPU
		{887A3527-45DE-4718-B924-FBB9CCA83E2F}.Release|Any CPU.Build.0 = Release|Any CPU
	EndGlobalSection
	GlobalSection(SolutionProperties) = preSolution
		HideSolutionNode = FALSE
	EndGlobalSection
	GlobalSection(ExtensibilityGlobals) = postSolution
		SolutionGuid = {89A1C238-5C61-4696-BE0B-BA959102A887}
	EndGlobalSection
EndGlobal
